
Microsoft Visual Studio Solution File, Format Version 12.00
# Visual Studio Version 17
VisualStudioVersion = 17.3.32825.248
MinimumVisualStudioVersion = 10.0.40219.1
Project("{9A19103F-16F7-4668-BE54-9A1E7A4F7556}") = "LojaDiversidadeComuniki.Application", "LojaDiversidadeComuniki.Application\LojaDiversidadeComuniki.Application.csproj", "{0B11184D-4A7E-4A53-9E64-C0A8BF43AFA8}"
EndProject
Project("{9A19103F-16F7-4668-BE54-9A1E7A4F7556}") = "LojaDiversidadeComuniki.Domain", "LojaDiversidadeComuniki.Domain\LojaDiversidadeComuniki.Domain.csproj", "{2F691043-F205-4EC8-8586-64B15E0D0897}"
EndProject
Project("{9A19103F-16F7-4668-BE54-9A1E7A4F7556}") = "LojaDiversidadeComuniki.Infrastructure", "LojaDiversidadeComuniki.Infrastructure\LojaDiversidadeComuniki.Infrastructure.csproj", "{77A2CF65-AA84-4E76-A939-EE60C6D8F0E2}"
EndProject
Global
	GlobalSection(SolutionConfigurationPlatforms) = preSolution
		Debug|Any CPU = Debug|Any CPU
		Release|Any CPU = Release|Any CPU
	EndGlobalSection
	GlobalSection(ProjectConfigurationPlatforms) = postSolution
		{0B11184D-4A7E-4A53-9E64-C0A8BF43AFA8}.Debug|Any CPU.ActiveCfg = Debug|Any CPU
		{0B11184D-4A7E-4A53-9E64-C0A8BF43AFA8}.Debug|Any CPU.Build.0 = Debug|Any CPU
		{0B11184D-4A7E-4A53-9E64-C0A8BF43AFA8}.Release|Any CPU.ActiveCfg = Release|Any CPU
		{0B11184D-4A7E-4A53-9E64-C0A8BF43AFA8}.Release|Any CPU.Build.0 = Release|Any CPU
		{2F691043-F205-4EC8-8586-64B15E0D0897}.Debug|Any CPU.ActiveCfg = Debug|Any CPU
		{2F691043-F205-4EC8-8586-64B15E0D0897}.Debug|Any CPU.Build.0 = Debug|Any CPU
		{2F691043-F205-4EC8-8586-64B15E0D0897}.Release|Any CPU.ActiveCfg = Release|Any CPU
		{2F691043-F205-4EC8-8586-64B15E0D0897}.Release|Any CPU.Build.0 = Release|Any CPU
		{77A2CF65-AA84-4E76-A939-EE60C6D8F0E2}.Debug|Any CPU.ActiveCfg = Debug|Any CPU
		{77A2CF65-AA84-4E76-A939-EE60C6D8F0E2}.Debug|Any CPU.Build.0 = Debug|Any CPU
		{77A2CF65-AA84-4E76-A939-EE60C6D8F0E2}.Release|Any CPU.ActiveCfg = Release|Any CPU
		{77A2CF65-AA84-4E76-A939-EE60C6D8F0E2}.Release|Any CPU.Build.0 = Release|Any CPU
	EndGlobalSection
	GlobalSection(SolutionProperties) = preSolution
		HideSolutionNode = FALSE
	EndGlobalSection
	GlobalSection(ExtensibilityGlobals) = postSolution
		SolutionGuid = {1D53DE4B-7DF4-4D36-81DC-6D2A756B0726}
	EndGlobalSection
EndGlobal
